
Microsoft Visual Studio Solution File, Format Version 12.00
# Visual Studio Version 17
Project("{9A19103F-16F7-4668-BE54-9A1E7A4F7556}") = "Caca.Compiler", "src\Caca.Compiler\Caca.Compiler.csproj", "{0C2B0F5A-1F1E-4C7A-9A21-9B1D3E5A7C01}"
EndProject
Project("{9A19103F-16F7-4668-BE54-9A1E7A4F7556}") = "Caca.Cli", "src\Caca.Cli\Caca.Cli.csproj", "{0C2B0F5A-1F1E-4C7A-9A21-9B1D3E5A7C02}"
EndProject
Project("{9A19103F-16F7-4668-BE54-9A1E7A4F7556}") = "Caca.Tests", "tests\Caca.Tests\Caca.Tests.csproj", "{0C2B0F5A-1F1E-4C7A-9A21-9B1D3E5A7C03}"
EndProject
Project("{2150E333-8FDC-42A3-9474-1A3956D46DE8}") = "src", "src", "{827E0CD3-B72D-47B6-A68D-7590B98EB39B}"
EndProject
Project("{FAE04EC0-301F-11D3-BF4B-00C04F79EFBC}") = "Caca.LanguageServer", "src\Caca.LanguageServer\Caca.LanguageServer.csproj", "{F42F7826-9B2D-48F7-B415-3EC124054135}"
EndProject
Project("{2150E333-8FDC-42A3-9474-1A3956D46DE8}") = "tests", "tests", "{0AB3BF05-4346-4AA6-1389-037BE0695223}"
EndProject
Project("{FAE04EC0-301F-11D3-BF4B-00C04F79EFBC}") = "Caca.ReferenceLibrary", "tests\Caca.ReferenceLibrary\Caca.ReferenceLibrary.csproj", "{82F0E385-FC39-4AE5-9198-5BF82F1C82AA}"
EndProject
Project("{FAE04EC0-301F-11D3-BF4B-00C04F79EFBC}") = "Caca.CilBackend", "src\Caca.CilBackend\Caca.CilBackend.csproj", "{365E8343-E0D0-4501-96F3-5C7DA785A194}"
EndProject
Global
	GlobalSection(SolutionConfigurationPlatforms) = preSolution
		Debug|Any CPU = Debug|Any CPU
		Debug|x64 = Debug|x64
		Debug|x86 = Debug|x86
		Release|Any CPU = Release|Any CPU
		Release|x64 = Release|x64
		Release|x86 = Release|x86
	EndGlobalSection
	GlobalSection(ProjectConfigurationPlatforms) = postSolution
		{0C2B0F5A-1F1E-4C7A-9A21-9B1D3E5A7C01}.Debug|Any CPU.ActiveCfg = Debug|Any CPU
		{0C2B0F5A-1F1E-4C7A-9A21-9B1D3E5A7C01}.Debug|Any CPU.Build.0 = Debug|Any CPU
		{0C2B0F5A-1F1E-4C7A-9A21-9B1D3E5A7C01}.Debug|x64.ActiveCfg = Debug|Any CPU
		{0C2B0F5A-1F1E-4C7A-9A21-9B1D3E5A7C01}.Debug|x64.Build.0 = Debug|Any CPU
		{0C2B0F5A-1F1E-4C7A-9A21-9B1D3E5A7C01}.Debug|x86.ActiveCfg = Debug|Any CPU
		{0C2B0F5A-1F1E-4C7A-9A21-9B1D3E5A7C01}.Debug|x86.Build.0 = Debug|Any CPU
		{0C2B0F5A-1F1E-4C7A-9A21-9B1D3E5A7C01}.Release|Any CPU.ActiveCfg = Release|Any CPU
		{0C2B0F5A-1F1E-4C7A-9A21-9B1D3E5A7C01}.Release|Any CPU.Build.0 = Release|Any CPU
		{0C2B0F5A-1F1E-4C7A-9A21-9B1D3E5A7C01}.Release|x64.ActiveCfg = Release|Any CPU
		{0C2B0F5A-1F1E-4C7A-9A21-9B1D3E5A7C01}.Release|x64.Build.0 = Release|Any CPU
		{0C2B0F5A-1F1E-4C7A-9A21-9B1D3E5A7C01}.Release|x86.ActiveCfg = Release|Any CPU
		{0C2B0F5A-1F1E-4C7A-9A21-9B1D3E5A7C01}.Release|x86.Build.0 = Release|Any CPU
		{0C2B0F5A-1F1E-4C7A-9A21-9B1D3E5A7C02}.Debug|Any CPU.ActiveCfg = Debug|Any CPU
		{0C2B0F5A-1F1E-4C7A-9A21-9B1D3E5A7C02}.Debug|Any CPU.Build.0 = Debug|Any CPU
		{0C2B0F5A-1F1E-4C7A-9A21-9B1D3E5A7C02}.Debug|x64.ActiveCfg = Debug|Any CPU
		{0C2B0F5A-1F1E-4C7A-9A21-9B1D3E5A7C02}.Debug|x64.Build.0 = Debug|Any CPU
		{0C2B0F5A-1F1E-4C7A-9A21-9B1D3E5A7C02}.Debug|x86.ActiveCfg = Debug|Any CPU
		{0C2B0F5A-1F1E-4C7A-9A21-9B1D3E5A7C02}.Debug|x86.Build.0 = Debug|Any CPU
		{0C2B0F5A-1F1E-4C7A-9A21-9B1D3E5A7C02}.Release|Any CPU.ActiveCfg = Release|Any CPU
		{0C2B0F5A-1F1E-4C7A-9A21-9B1D3E5A7C02}.Release|Any CPU.Build.0 = Release|Any CPU
		{0C2B0F5A-1F1E-4C7A-9A21-9B1D3E5A7C02}.Release|x64.ActiveCfg = Release|Any CPU
		{0C2B0F5A-1F1E-4C7A-9A21-9B1D3E5A7C02}.Release|x64.Build.0 = Release|Any CPU
		{0C2B0F5A-1F1E-4C7A-9A21-9B1D3E5A7C02}.Release|x86.ActiveCfg = Release|Any CPU
		{0C2B0F5A-1F1E-4C7A-9A21-9B1D3E5A7C02}.Release|x86.Build.0 = Release|Any CPU
		{0C2B0F5A-1F1E-4C7A-9A21-9B1D3E5A7C03}.Debug|Any CPU.ActiveCfg = Debug|Any CPU
		{0C2B0F5A-1F1E-4C7A-9A21-9B1D3E5A7C03}.Debug|Any CPU.Build.0 = Debug|Any CPU
		{0C2B0F5A-1F1E-4C7A-9A21-9B1D3E5A7C03}.Debug|x64.ActiveCfg = Debug|Any CPU
		{0C2B0F5A-1F1E-4C7A-9A21-9B1D3E5A7C03}.Debug|x64.Build.0 = Debug|Any CPU
		{0C2B0F5A-1F1E-4C7A-9A21-9B1D3E5A7C03}.Debug|x86.ActiveCfg = Debug|Any CPU
		{0C2B0F5A-1F1E-4C7A-9A21-9B1D3E5A7C03}.Debug|x86.Build.0 = Debug|Any CPU
		{0C2B0F5A-1F1E-4C7A-9A21-9B1D3E5A7C03}.Release|Any CPU.ActiveCfg = Release|Any CPU
		{0C2B0F5A-1F1E-4C7A-9A21-9B1D3E5A7C03}.Release|Any CPU.Build.0 = Release|Any CPU
		{0C2B0F5A-1F1E-4C7A-9A21-9B1D3E5A7C03}.Release|x64.ActiveCfg = Release|Any CPU
		{0C2B0F5A-1F1E-4C7A-9A21-9B1D3E5A7C03}.Release|x64.Build.0 = Release|Any CPU
		{0C2B0F5A-1F1E-4C7A-9A21-9B1D3E5A7C03}.Release|x86.ActiveCfg = Release|Any CPU
		{0C2B0F5A-1F1E-4C7A-9A21-9B1D3E5A7C03}.Release|x86.Build.0 = Release|Any CPU
		{F42F7826-9B2D-48F7-B415-3EC124054135}.Debug|Any CPU.ActiveCfg = Debug|Any CPU
		{F42F7826-9B2D-48F7-B415-3EC124054135}.Debug|Any CPU.Build.0 = Debug|Any CPU
		{F42F7826-9B2D-48F7-B415-3EC124054135}.Debug|x64.ActiveCfg = Debug|Any CPU
		{F42F7826-9B2D-48F7-B415-3EC124054135}.Debug|x64.Build.0 = Debug|Any CPU
		{F42F7826-9B2D-48F7-B415-3EC124054135}.Debug|x86.ActiveCfg = Debug|Any CPU
		{F42F7826-9B2D-48F7-B415-3EC124054135}.Debug|x86.Build.0 = Debug|Any CPU
		{F42F7826-9B2D-48F7-B415-3EC124054135}.Release|Any CPU.ActiveCfg = Release|Any CPU
		{F42F7826-9B2D-48F7-B415-3EC124054135}.Release|Any CPU.Build.0 = Release|Any CPU
		{F42F7826-9B2D-48F7-B415-3EC124054135}.Release|x64.ActiveCfg = Release|Any CPU
		{F42F7826-9B2D-48F7-B415-3EC124054135}.Release|x64.Build.0 = Release|Any CPU
		{F42F7826-9B2D-48F7-B415-3EC124054135}.Release|x86.ActiveCfg = Release|Any CPU
		{F42F7826-9B2D-48F7-B415-3EC124054135}.Release|x86.Build.0 = Release|Any CPU
		{82F0E385-FC39-4AE5-9198-5BF82F1C82AA}.Debug|Any CPU.ActiveCfg = Debug|Any CPU
		{82F0E385-FC39-4AE5-9198-5BF82F1C82AA}.Debug|Any CPU.Build.0 = Debug|Any CPU
		{82F0E385-FC39-4AE5-9198-5BF82F1C82AA}.Debug|x64.ActiveCfg = Debug|Any CPU
		{82F0E385-FC39-4AE5-9198-5BF82F1C82AA}.Debug|x64.Build.0 = Debug|Any CPU
		{82F0E385-FC39-4AE5-9198-5BF82F1C82AA}.Debug|x86.ActiveCfg = Debug|Any CPU
		{82F0E385-FC39-4AE5-9198-5BF82F1C82AA}.Debug|x86.Build.0 = Debug|Any CPU
		{82F0E385-FC39-4AE5-9198-5BF82F1C82AA}.Release|Any CPU.ActiveCfg = Release|Any CPU
		{82F0E385-FC39-4AE5-9198-5BF82F1C82AA}.Release|Any CPU.Build.0 = Release|Any CPU
		{82F0E385-FC39-4AE5-9198-5BF82F1C82AA}.Release|x64.ActiveCfg = Release|Any CPU
		{82F0E385-FC39-4AE5-9198-5BF82F1C82AA}.Release|x64.Build.0 = Release|Any CPU
		{82F0E385-FC39-4AE5-9198-5BF82F1C82AA}.Release|x86.ActiveCfg = Release|Any CPU
		{82F0E385-FC39-4AE5-9198-5BF82F1C82AA}.Release|x86.Build.0 = Release|Any CPU
		{365E8343-E0D0-4501-96F3-5C7DA785A194}.Debug|Any CPU.ActiveCfg = Debug|Any CPU
		{365E8343-E0D0-4501-96F3-5C7DA785A194}.Debug|Any CPU.Build.0 = Debug|Any CPU
		{365E8343-E0D0-4501-96F3-5C7DA785A194}.Debug|x64.ActiveCfg = Debug|Any CPU
		{365E8343-E0D0-4501-96F3-5C7DA785A194}.Debug|x64.Build.0 = Debug|Any CPU
		{365E8343-E0D0-4501-96F3-5C7DA785A194}.Debug|x86.ActiveCfg = Debug|Any CPU
		{365E8343-E0D0-4501-96F3-5C7DA785A194}.Debug|x86.Build.0 = Debug|Any CPU
		{365E8343-E0D0-4501-96F3-5C7DA785A194}.Release|Any CPU.ActiveCfg = Release|Any CPU
		{365E8343-E0D0-4501-96F3-5C7DA785A194}.Release|Any CPU.Build.0 = Release|Any CPU
		{365E8343-E0D0-4501-96F3-5C7DA785A194}.Release|x64.ActiveCfg = Release|Any CPU
		{365E8343-E0D0-4501-96F3-5C7DA785A194}.Release|x64.Build.0 = Release|Any CPU
		{365E8343-E0D0-4501-96F3-5C7DA785A194}.Release|x86.ActiveCfg = Release|Any CPU
		{365E8343-E0D0-4501-96F3-5C7DA785A194}.Release|x86.Build.0 = Release|Any CPU
	EndGlobalSection
	GlobalSection(SolutionProperties) = preSolution
		HideSolutionNode = FALSE
	EndGlobalSection
	GlobalSection(NestedProjects) = preSolution
		{F42F7826-9B2D-48F7-B415-3EC124054135} = {827E0CD3-B72D-47B6-A68D-7590B98EB39B}
		{82F0E385-FC39-4AE5-9198-5BF82F1C82AA} = {0AB3BF05-4346-4AA6-1389-037BE0695223}
		{365E8343-E0D0-4501-96F3-5C7DA785A194} = {827E0CD3-B72D-47B6-A68D-7590B98EB39B}
	EndGlobalSection
EndGlobal
