
Microsoft Visual Studio Solution File, Format Version 12.00
# Visual Studio Version 17
VisualStudioVersion = 17.0.31903.59
MinimumVisualStudioVersion = 10.0.40219.1
Project("{2150E333-8FDC-42A3-9474-1A3956D46DE8}") = "CacaVM", "CacaVM", "{B53EEFB8-0173-9D2B-8E60-1DA480D004A5}"
EndProject
Project("{FAE04EC0-301F-11D3-BF4B-00C04F79EFBC}") = "Caca.VM", "CacaVM\source\Caca.VM\Caca.VM.csproj", "{A1DF2902-CB74-44BB-B7AA-F0751531DB92}"
EndProject
Project("{FAE04EC0-301F-11D3-BF4B-00C04F79EFBC}") = "Caca.VM.Cli", "CacaVM\source\Caca.VM.Cli\Caca.VM.Cli.csproj", "{75AD03A9-2913-4544-86EB-6310CC3A32A6}"
EndProject
Project("{FAE04EC0-301F-11D3-BF4B-00C04F79EFBC}") = "Caca.VM.Studio", "CacaVM\source\Caca.VM.Studio\Caca.VM.Studio.csproj", "{85770BE8-D920-43EE-85CC-1734D7F4B0BF}"
EndProject
Project("{FAE04EC0-301F-11D3-BF4B-00C04F79EFBC}") = "Caca.Compiler", "cacalang\src\Caca.Compiler\Caca.Compiler.csproj", "{862D4DF1-80E0-4D81-B178-A861998D20AA}"
EndProject
Project("{FAE04EC0-301F-11D3-BF4B-00C04F79EFBC}") = "Caca.CilBackend", "cacalang\src\Caca.CilBackend\Caca.CilBackend.csproj", "{204D6179-98FF-46A3-8A67-AD044E577441}"
EndProject
Project("{FAE04EC0-301F-11D3-BF4B-00C04F79EFBC}") = "Caca.VM.Tests", "CacaVM\source\Caca.VM.Tests\Caca.VM.Tests.csproj", "{D702E176-4CC3-4C4C-A412-DF648837277D}"
EndProject
Project("{FAE04EC0-301F-11D3-BF4B-00C04F79EFBC}") = "Caca.VM.LanguageServer", "CacaVM\source\Caca.VM.LanguageServer\Caca.VM.LanguageServer.csproj", "{56914F69-6366-47F0-824F-5DD7C60CEFAC}"
EndProject
Project("{2150E333-8FDC-42A3-9474-1A3956D46DE8}") = "cacalang", "cacalang", "{3904C00F-ABE4-0A79-2B38-E67455F299DD}"
EndProject
Project("{FAE04EC0-301F-11D3-BF4B-00C04F79EFBC}") = "Caca.Cli", "cacalang\src\Caca.Cli\Caca.Cli.csproj", "{2D22B311-813D-4226-8C9C-D2DADB4F6716}"
EndProject
Project("{FAE04EC0-301F-11D3-BF4B-00C04F79EFBC}") = "Caca.LanguageServer", "cacalang\src\Caca.LanguageServer\Caca.LanguageServer.csproj", "{F9BD119A-B65C-4F86-BDA8-8EF8FBE05B0B}"
EndProject
Project("{FAE04EC0-301F-11D3-BF4B-00C04F79EFBC}") = "Caca.Tests", "cacalang\tests\Caca.Tests\Caca.Tests.csproj", "{37ED2813-D2DB-4594-9DAE-AC3F993B0218}"
EndProject
Project("{FAE04EC0-301F-11D3-BF4B-00C04F79EFBC}") = "Caca.ReferenceLibrary", "cacalang\tests\Caca.ReferenceLibrary\Caca.ReferenceLibrary.csproj", "{C4504EFE-5264-4E80-A640-90AA929B459D}"
EndProject
Global
	GlobalSection(SolutionConfigurationPlatforms) = preSolution
		Debug|Any CPU = Debug|Any CPU
		Debug|x64 = Debug|x64
		Debug|x86 = Debug|x86
		Release|Any CPU = Release|Any CPU
		Release|x64 = Release|x64
		Release|x86 = Release|x86
	EndGlobalSection
	GlobalSection(ProjectConfigurationPlatforms) = postSolution
		{A1DF2902-CB74-44BB-B7AA-F0751531DB92}.Debug|Any CPU.ActiveCfg = Debug|Any CPU
		{A1DF2902-CB74-44BB-B7AA-F0751531DB92}.Debug|Any CPU.Build.0 = Debug|Any CPU
		{A1DF2902-CB74-44BB-B7AA-F0751531DB92}.Debug|x64.ActiveCfg = Debug|Any CPU
		{A1DF2902-CB74-44BB-B7AA-F0751531DB92}.Debug|x64.Build.0 = Debug|Any CPU
		{A1DF2902-CB74-44BB-B7AA-F0751531DB92}.Debug|x86.ActiveCfg = Debug|Any CPU
		{A1DF2902-CB74-44BB-B7AA-F0751531DB92}.Debug|x86.Build.0 = Debug|Any CPU
		{A1DF2902-CB74-44BB-B7AA-F0751531DB92}.Release|Any CPU.ActiveCfg = Release|Any CPU
		{A1DF2902-CB74-44BB-B7AA-F0751531DB92}.Release|Any CPU.Build.0 = Release|Any CPU
		{A1DF2902-CB74-44BB-B7AA-F0751531DB92}.Release|x64.ActiveCfg = Release|Any CPU
		{A1DF2902-CB74-44BB-B7AA-F0751531DB92}.Release|x64.Build.0 = Release|Any CPU
		{A1DF2902-CB74-44BB-B7AA-F0751531DB92}.Release|x86.ActiveCfg = Release|Any CPU
		{A1DF2902-CB74-44BB-B7AA-F0751531DB92}.Release|x86.Build.0 = Release|Any CPU
		{75AD03A9-2913-4544-86EB-6310CC3A32A6}.Debug|Any CPU.ActiveCfg = Debug|Any CPU
		{75AD03A9-2913-4544-86EB-6310CC3A32A6}.Debug|Any CPU.Build.0 = Debug|Any CPU
		{75AD03A9-2913-4544-86EB-6310CC3A32A6}.Debug|x64.ActiveCfg = Debug|Any CPU
		{75AD03A9-2913-4544-86EB-6310CC3A32A6}.Debug|x64.Build.0 = Debug|Any CPU
		{75AD03A9-2913-4544-86EB-6310CC3A32A6}.Debug|x86.ActiveCfg = Debug|Any CPU
		{75AD03A9-2913-4544-86EB-6310CC3A32A6}.Debug|x86.Build.0 = Debug|Any CPU
		{75AD03A9-2913-4544-86EB-6310CC3A32A6}.Release|Any CPU.ActiveCfg = Release|Any CPU
		{75AD03A9-2913-4544-86EB-6310CC3A32A6}.Release|Any CPU.Build.0 = Release|Any CPU
		{75AD03A9-2913-4544-86EB-6310CC3A32A6}.Release|x64.ActiveCfg = Release|Any CPU
		{75AD03A9-2913-4544-86EB-6310CC3A32A6}.Release|x64.Build.0 = Release|Any CPU
		{75AD03A9-2913-4544-86EB-6310CC3A32A6}.Release|x86.ActiveCfg = Release|Any CPU
		{75AD03A9-2913-4544-86EB-6310CC3A32A6}.Release|x86.Build.0 = Release|Any CPU
		{85770BE8-D920-43EE-85CC-1734D7F4B0BF}.Debug|Any CPU.ActiveCfg = Debug|Any CPU
		{85770BE8-D920-43EE-85CC-1734D7F4B0BF}.Debug|Any CPU.Build.0 = Debug|Any CPU
		{85770BE8-D920-43EE-85CC-1734D7F4B0BF}.Debug|x64.ActiveCfg = Debug|Any CPU
		{85770BE8-D920-43EE-85CC-1734D7F4B0BF}.Debug|x64.Build.0 = Debug|Any CPU
		{85770BE8-D920-43EE-85CC-1734D7F4B0BF}.Debug|x86.ActiveCfg = Debug|Any CPU
		{85770BE8-D920-43EE-85CC-1734D7F4B0BF}.Debug|x86.Build.0 = Debug|Any CPU
		{85770BE8-D920-43EE-85CC-1734D7F4B0BF}.Release|Any CPU.ActiveCfg = Release|Any CPU
		{85770BE8-D920-43EE-85CC-1734D7F4B0BF}.Release|Any CPU.Build.0 = Release|Any CPU
		{85770BE8-D920-43EE-85CC-1734D7F4B0BF}.Release|x64.ActiveCfg = Release|Any CPU
		{85770BE8-D920-43EE-85CC-1734D7F4B0BF}.Release|x64.Build.0 = Release|Any CPU
		{85770BE8-D920-43EE-85CC-1734D7F4B0BF}.Release|x86.ActiveCfg = Release|Any CPU
		{85770BE8-D920-43EE-85CC-1734D7F4B0BF}.Release|x86.Build.0 = Release|Any CPU
		{862D4DF1-80E0-4D81-B178-A861998D20AA}.Debug|Any CPU.ActiveCfg = Debug|Any CPU
		{862D4DF1-80E0-4D81-B178-A861998D20AA}.Debug|Any CPU.Build.0 = Debug|Any CPU
		{862D4DF1-80E0-4D81-B178-A861998D20AA}.Debug|x64.ActiveCfg = Debug|Any CPU
		{862D4DF1-80E0-4D81-B178-A861998D20AA}.Debug|x64.Build.0 = Debug|Any CPU
		{862D4DF1-80E0-4D81-B178-A861998D20AA}.Debug|x86.ActiveCfg = Debug|Any CPU
		{862D4DF1-80E0-4D81-B178-A861998D20AA}.Debug|x86.Build.0 = Debug|Any CPU
		{862D4DF1-80E0-4D81-B178-A861998D20AA}.Release|Any CPU.ActiveCfg = Release|Any CPU
		{862D4DF1-80E0-4D81-B178-A861998D20AA}.Release|Any CPU.Build.0 = Release|Any CPU
		{862D4DF1-80E0-4D81-B178-A861998D20AA}.Release|x64.ActiveCfg = Release|Any CPU
		{862D4DF1-80E0-4D81-B178-A861998D20AA}.Release|x64.Build.0 = Release|Any CPU
		{862D4DF1-80E0-4D81-B178-A861998D20AA}.Release|x86.ActiveCfg = Release|Any CPU
		{862D4DF1-80E0-4D81-B178-A861998D20AA}.Release|x86.Build.0 = Release|Any CPU
		{204D6179-98FF-46A3-8A67-AD044E577441}.Debug|Any CPU.ActiveCfg = Debug|Any CPU
		{204D6179-98FF-46A3-8A67-AD044E577441}.Debug|Any CPU.Build.0 = Debug|Any CPU
		{204D6179-98FF-46A3-8A67-AD044E577441}.Debug|x64.ActiveCfg = Debug|Any CPU
		{204D6179-98FF-46A3-8A67-AD044E577441}.Debug|x64.Build.0 = Debug|Any CPU
		{204D6179-98FF-46A3-8A67-AD044E577441}.Debug|x86.ActiveCfg = Debug|Any CPU
		{204D6179-98FF-46A3-8A67-AD044E577441}.Debug|x86.Build.0 = Debug|Any CPU
		{204D6179-98FF-46A3-8A67-AD044E577441}.Release|Any CPU.ActiveCfg = Release|Any CPU
		{204D6179-98FF-46A3-8A67-AD044E577441}.Release|Any CPU.Build.0 = Release|Any CPU
		{204D6179-98FF-46A3-8A67-AD044E577441}.Release|x64.ActiveCfg = Release|Any CPU
		{204D6179-98FF-46A3-8A67-AD044E577441}.Release|x64.Build.0 = Release|Any CPU
		{204D6179-98FF-46A3-8A67-AD044E577441}.Release|x86.ActiveCfg = Release|Any CPU
		{204D6179-98FF-46A3-8A67-AD044E577441}.Release|x86.Build.0 = Release|Any CPU
		{D702E176-4CC3-4C4C-A412-DF648837277D}.Debug|Any CPU.ActiveCfg = Debug|Any CPU
		{D702E176-4CC3-4C4C-A412-DF648837277D}.Debug|Any CPU.Build.0 = Debug|Any CPU
		{D702E176-4CC3-4C4C-A412-DF648837277D}.Debug|x64.ActiveCfg = Debug|Any CPU
		{D702E176-4CC3-4C4C-A412-DF648837277D}.Debug|x64.Build.0 = Debug|Any CPU
		{D702E176-4CC3-4C4C-A412-DF648837277D}.Debug|x86.ActiveCfg = Debug|Any CPU
		{D702E176-4CC3-4C4C-A412-DF648837277D}.Debug|x86.Build.0 = Debug|Any CPU
		{D702E176-4CC3-4C4C-A412-DF648837277D}.Release|Any CPU.ActiveCfg = Release|Any CPU
		{D702E176-4CC3-4C4C-A412-DF648837277D}.Release|Any CPU.Build.0 = Release|Any CPU
		{D702E176-4CC3-4C4C-A412-DF648837277D}.Release|x64.ActiveCfg = Release|Any CPU
		{D702E176-4CC3-4C4C-A412-DF648837277D}.Release|x64.Build.0 = Release|Any CPU
		{D702E176-4CC3-4C4C-A412-DF648837277D}.Release|x86.ActiveCfg = Release|Any CPU
		{D702E176-4CC3-4C4C-A412-DF648837277D}.Release|x86.Build.0 = Release|Any CPU
		{56914F69-6366-47F0-824F-5DD7C60CEFAC}.Debug|Any CPU.ActiveCfg = Debug|Any CPU
		{56914F69-6366-47F0-824F-5DD7C60CEFAC}.Debug|Any CPU.Build.0 = Debug|Any CPU
		{56914F69-6366-47F0-824F-5DD7C60CEFAC}.Debug|x64.ActiveCfg = Debug|Any CPU
		{56914F69-6366-47F0-824F-5DD7C60CEFAC}.Debug|x64.Build.0 = Debug|Any CPU
		{56914F69-6366-47F0-824F-5DD7C60CEFAC}.Debug|x86.ActiveCfg = Debug|Any CPU
		{56914F69-6366-47F0-824F-5DD7C60CEFAC}.Debug|x86.Build.0 = Debug|Any CPU
		{56914F69-6366-47F0-824F-5DD7C60CEFAC}.Release|Any CPU.ActiveCfg = Release|Any CPU
		{56914F69-6366-47F0-824F-5DD7C60CEFAC}.Release|Any CPU.Build.0 = Release|Any CPU
		{56914F69-6366-47F0-824F-5DD7C60CEFAC}.Release|x64.ActiveCfg = Release|Any CPU
		{56914F69-6366-47F0-824F-5DD7C60CEFAC}.Release|x64.Build.0 = Release|Any CPU
		{56914F69-6366-47F0-824F-5DD7C60CEFAC}.Release|x86.ActiveCfg = Release|Any CPU
		{56914F69-6366-47F0-824F-5DD7C60CEFAC}.Release|x86.Build.0 = Release|Any CPU
		{2D22B311-813D-4226-8C9C-D2DADB4F6716}.Debug|Any CPU.ActiveCfg = Debug|Any CPU
		{2D22B311-813D-4226-8C9C-D2DADB4F6716}.Debug|Any CPU.Build.0 = Debug|Any CPU
		{2D22B311-813D-4226-8C9C-D2DADB4F6716}.Debug|x64.ActiveCfg = Debug|Any CPU
		{2D22B311-813D-4226-8C9C-D2DADB4F6716}.Debug|x64.Build.0 = Debug|Any CPU
		{2D22B311-813D-4226-8C9C-D2DADB4F6716}.Debug|x86.ActiveCfg = Debug|Any CPU
		{2D22B311-813D-4226-8C9C-D2DADB4F6716}.Debug|x86.Build.0 = Debug|Any CPU
		{2D22B311-813D-4226-8C9C-D2DADB4F6716}.Release|Any CPU.ActiveCfg = Release|Any CPU
		{2D22B311-813D-4226-8C9C-D2DADB4F6716}.Release|Any CPU.Build.0 = Release|Any CPU
		{2D22B311-813D-4226-8C9C-D2DADB4F6716}.Release|x64.ActiveCfg = Release|Any CPU
		{2D22B311-813D-4226-8C9C-D2DADB4F6716}.Release|x64.Build.0 = Release|Any CPU
		{2D22B311-813D-4226-8C9C-D2DADB4F6716}.Release|x86.ActiveCfg = Release|Any CPU
		{2D22B311-813D-4226-8C9C-D2DADB4F6716}.Release|x86.Build.0 = Release|Any CPU
		{F9BD119A-B65C-4F86-BDA8-8EF8FBE05B0B}.Debug|Any CPU.ActiveCfg = Debug|Any CPU
		{F9BD119A-B65C-4F86-BDA8-8EF8FBE05B0B}.Debug|Any CPU.Build.0 = Debug|Any CPU
		{F9BD119A-B65C-4F86-BDA8-8EF8FBE05B0B}.Debug|x64.ActiveCfg = Debug|Any CPU
		{F9BD119A-B65C-4F86-BDA8-8EF8FBE05B0B}.Debug|x64.Build.0 = Debug|Any CPU
		{F9BD119A-B65C-4F86-BDA8-8EF8FBE05B0B}.Debug|x86.ActiveCfg = Debug|Any CPU
		{F9BD119A-B65C-4F86-BDA8-8EF8FBE05B0B}.Debug|x86.Build.0 = Debug|Any CPU
		{F9BD119A-B65C-4F86-BDA8-8EF8FBE05B0B}.Release|Any CPU.ActiveCfg = Release|Any CPU
		{F9BD119A-B65C-4F86-BDA8-8EF8FBE05B0B}.Release|Any CPU.Build.0 = Release|Any CPU
		{F9BD119A-B65C-4F86-BDA8-8EF8FBE05B0B}.Release|x64.ActiveCfg = Release|Any CPU
		{F9BD119A-B65C-4F86-BDA8-8EF8FBE05B0B}.Release|x64.Build.0 = Release|Any CPU
		{F9BD119A-B65C-4F86-BDA8-8EF8FBE05B0B}.Release|x86.ActiveCfg = Release|Any CPU
		{F9BD119A-B65C-4F86-BDA8-8EF8FBE05B0B}.Release|x86.Build.0 = Release|Any CPU
		{37ED2813-D2DB-4594-9DAE-AC3F993B0218}.Debug|Any CPU.ActiveCfg = Debug|Any CPU
		{37ED2813-D2DB-4594-9DAE-AC3F993B0218}.Debug|Any CPU.Build.0 = Debug|Any CPU
		{37ED2813-D2DB-4594-9DAE-AC3F993B0218}.Debug|x64.ActiveCfg = Debug|Any CPU
		{37ED2813-D2DB-4594-9DAE-AC3F993B0218}.Debug|x64.Build.0 = Debug|Any CPU
		{37ED2813-D2DB-4594-9DAE-AC3F993B0218}.Debug|x86.ActiveCfg = Debug|Any CPU
		{37ED2813-D2DB-4594-9DAE-AC3F993B0218}.Debug|x86.Build.0 = Debug|Any CPU
		{37ED2813-D2DB-4594-9DAE-AC3F993B0218}.Release|Any CPU.ActiveCfg = Release|Any CPU
		{37ED2813-D2DB-4594-9DAE-AC3F993B0218}.Release|Any CPU.Build.0 = Release|Any CPU
		{37ED2813-D2DB-4594-9DAE-AC3F993B0218}.Release|x64.ActiveCfg = Release|Any CPU
		{37ED2813-D2DB-4594-9DAE-AC3F993B0218}.Release|x64.Build.0 = Release|Any CPU
		{37ED2813-D2DB-4594-9DAE-AC3F993B0218}.Release|x86.ActiveCfg = Release|Any CPU
		{37ED2813-D2DB-4594-9DAE-AC3F993B0218}.Release|x86.Build.0 = Release|Any CPU
		{C4504EFE-5264-4E80-A640-90AA929B459D}.Debug|Any CPU.ActiveCfg = Debug|Any CPU
		{C4504EFE-5264-4E80-A640-90AA929B459D}.Debug|Any CPU.Build.0 = Debug|Any CPU
		{C4504EFE-5264-4E80-A640-90AA929B459D}.Debug|x64.ActiveCfg = Debug|Any CPU
		{C4504EFE-5264-4E80-A640-90AA929B459D}.Debug|x64.Build.0 = Debug|Any CPU
		{C4504EFE-5264-4E80-A640-90AA929B459D}.Debug|x86.ActiveCfg = Debug|Any CPU
		{C4504EFE-5264-4E80-A640-90AA929B459D}.Debug|x86.Build.0 = Debug|Any CPU
		{C4504EFE-5264-4E80-A640-90AA929B459D}.Release|Any CPU.ActiveCfg = Release|Any CPU
		{C4504EFE-5264-4E80-A640-90AA929B459D}.Release|Any CPU.Build.0 = Release|Any CPU
		{C4504EFE-5264-4E80-A640-90AA929B459D}.Release|x64.ActiveCfg = Release|Any CPU
		{C4504EFE-5264-4E80-A640-90AA929B459D}.Release|x64.Build.0 = Release|Any CPU
		{C4504EFE-5264-4E80-A640-90AA929B459D}.Release|x86.ActiveCfg = Release|Any CPU
		{C4504EFE-5264-4E80-A640-90AA929B459D}.Release|x86.Build.0 = Release|Any CPU
	EndGlobalSection
	GlobalSection(SolutionProperties) = preSolution
		HideSolutionNode = FALSE
	EndGlobalSection
	GlobalSection(NestedProjects) = preSolution
		{A1DF2902-CB74-44BB-B7AA-F0751531DB92} = {B53EEFB8-0173-9D2B-8E60-1DA480D004A5}
		{75AD03A9-2913-4544-86EB-6310CC3A32A6} = {B53EEFB8-0173-9D2B-8E60-1DA480D004A5}
		{85770BE8-D920-43EE-85CC-1734D7F4B0BF} = {B53EEFB8-0173-9D2B-8E60-1DA480D004A5}
		{862D4DF1-80E0-4D81-B178-A861998D20AA} = {B53EEFB8-0173-9D2B-8E60-1DA480D004A5}
		{204D6179-98FF-46A3-8A67-AD044E577441} = {B53EEFB8-0173-9D2B-8E60-1DA480D004A5}
		{D702E176-4CC3-4C4C-A412-DF648837277D} = {B53EEFB8-0173-9D2B-8E60-1DA480D004A5}
		{56914F69-6366-47F0-824F-5DD7C60CEFAC} = {B53EEFB8-0173-9D2B-8E60-1DA480D004A5}
		{2D22B311-813D-4226-8C9C-D2DADB4F6716} = {3904C00F-ABE4-0A79-2B38-E67455F299DD}
		{F9BD119A-B65C-4F86-BDA8-8EF8FBE05B0B} = {3904C00F-ABE4-0A79-2B38-E67455F299DD}
		{37ED2813-D2DB-4594-9DAE-AC3F993B0218} = {3904C00F-ABE4-0A79-2B38-E67455F299DD}
		{C4504EFE-5264-4E80-A640-90AA929B459D} = {3904C00F-ABE4-0A79-2B38-E67455F299DD}
	EndGlobalSection
EndGlobal
